
Microsoft Visual Studio Solution File, Format Version 12.00
# Visual Studio Version 17
VisualStudioVersion = 17.3.32922.545
MinimumVisualStudioVersion = 10.0.40219.1
Project("{8BC9CEB8-8B4A-11D0-8D11-00A0C91BC942}") = "Recast", "Recast\RecastSimple.vcxproj", "{3E2FC9BA-F63C-4139-8E5C-2E43606A463F}"
EndProject
Project("{8BC9CEB8-8B4A-11D0-8D11-00A0C91BC942}") = "Detour", "Detour\Detour.vcxproj", "{564EB7BF-81A6-4175-ACF6-B398EBC1346D}"
EndProject
Project("{8BC9CEB8-8B4A-11D0-8D11-00A0C91BC942}") = "DetourTileCache", "DetourTileCache\DetourTileCache.vcxproj", "{E830E061-C063-449E-A7A8-852696B144BA}"
	ProjectSection(ProjectDependencies) = postProject
		{564EB7BF-81A6-4175-ACF6-B398EBC1346D} = {564EB7BF-81A6-4175-ACF6-B398EBC1346D}
	EndProjectSection
EndProject
Project("{8BC9CEB8-8B4A-11D0-8D11-00A0C91BC942}") = "DebugUtils", "DebugUtils\DebugUtils.vcxproj", "{4E295EBC-586A-4041-B988-7DAD43F5051F}"
	ProjectSection(ProjectDependencies) = postProject
		{3E2FC9BA-F63C-4139-8E5C-2E43606A463F} = {3E2FC9BA-F63C-4139-8E5C-2E43606A463F}
		{564EB7BF-81A6-4175-ACF6-B398EBC1346D} = {564EB7BF-81A6-4175-ACF6-B398EBC1346D}
		{E830E061-C063-449E-A7A8-852696B144BA} = {E830E061-C063-449E-A7A8-852696B144BA}
	EndProjectSection
EndProject
Project("{8BC9CEB8-8B4A-11D0-8D11-00A0C91BC942}") = "Tests", "Tests\Tests.vcxproj", "{877B010A-9DDB-41B0-8554-FDCF25209209}"
	ProjectSection(ProjectDependencies) = postProject
		{3E2FC9BA-F63C-4139-8E5C-2E43606A463F} = {3E2FC9BA-F63C-4139-8E5C-2E43606A463F}
		{564EB7BF-81A6-4175-ACF6-B398EBC1346D} = {564EB7BF-81A6-4175-ACF6-B398EBC1346D}
	EndProjectSection
EndProject
Project("{8BC9CEB8-8B4A-11D0-8D11-00A0C91BC942}") = "RecastDemo", "RecastDemo\RecastDemo.vcxproj", "{088242C3-C987-4AFB-906C-4CAADE0C666A}"
	ProjectSection(ProjectDependencies) = postProject
		{3E2FC9BA-F63C-4139-8E5C-2E43606A463F} = {3E2FC9BA-F63C-4139-8E5C-2E43606A463F}
		{4E295EBC-586A-4041-B988-7DAD43F5051F} = {4E295EBC-586A-4041-B988-7DAD43F5051F}
		{564EB7BF-81A6-4175-ACF6-B398EBC1346D} = {564EB7BF-81A6-4175-ACF6-B398EBC1346D}
		{877B010A-9DDB-41B0-8554-FDCF25209209} = {877B010A-9DDB-41B0-8554-FDCF25209209}
		{B5B456A7-5B70-40B0-99F5-65221242D0C8} = {B5B456A7-5B70-40B0-99F5-65221242D0C8}
		{E830E061-C063-449E-A7A8-852696B144BA} = {E830E061-C063-449E-A7A8-852696B144BA}
	EndProjectSection
EndProject
Project("{8BC9CEB8-8B4A-11D0-8D11-00A0C91BC942}") = "DetourCrowd", "DetourCrowd\DetourCrowd.vcxproj", "{B5B456A7-5B70-40B0-99F5-65221242D0C8}"
	ProjectSection(ProjectDependencies) = postProject
		{564EB7BF-81A6-4175-ACF6-B398EBC1346D} = {564EB7BF-81A6-4175-ACF6-B398EBC1346D}
	EndProjectSection
EndProject
Global
	GlobalSection(SolutionConfigurationPlatforms) = preSolution
		Debug|x64 = Debug|x64
		Debug|x86 = Debug|x86
		Release|x64 = Release|x64
		Release|x86 = Release|x86
	EndGlobalSection
	GlobalSection(ProjectConfigurationPlatforms) = postSolution
		{3E2FC9BA-F63C-4139-8E5C-2E43606A463F}.Debug|x64.ActiveCfg = Debug|x64
		{3E2FC9BA-F63C-4139-8E5C-2E43606A463F}.Debug|x64.Build.0 = Debug|x64
		{3E2FC9BA-F63C-4139-8E5C-2E43606A463F}.Debug|x86.ActiveCfg = Debug|Win32
		{3E2FC9BA-F63C-4139-8E5C-2E43606A463F}.Debug|x86.Build.0 = Debug|Win32
		{3E2FC9BA-F63C-4139-8E5C-2E43606A463F}.Release|x64.ActiveCfg = Release|x64
		{3E2FC9BA-F63C-4139-8E5C-2E43606A463F}.Release|x64.Build.0 = Release|x64
		{3E2FC9BA-F63C-4139-8E5C-2E43606A463F}.Release|x86.ActiveCfg = Release|Win32
		{3E2FC9BA-F63C-4139-8E5C-2E43606A463F}.Release|x86.Build.0 = Release|Win32
		{564EB7BF-81A6-4175-ACF6-B398EBC1346D}.Debug|x64.ActiveCfg = Debug|x64
		{564EB7BF-81A6-4175-ACF6-B398EBC1346D}.Debug|x64.Build.0 = Debug|x64
		{564EB7BF-81A6-4175-ACF6-B398EBC1346D}.Debug|x86.ActiveCfg = Debug|Win32
		{564EB7BF-81A6-4175-ACF6-B398EBC1346D}.Debug|x86.Build.0 = Debug|Win32
		{564EB7BF-81A6-4175-ACF6-B398EBC1346D}.Release|x64.ActiveCfg = Release|x64
		{564EB7BF-81A6-4175-ACF6-B398EBC1346D}.Release|x64.Build.0 = Release|x64
		{564EB7BF-81A6-4175-ACF6-B398EBC1346D}.Release|x86.ActiveCfg = Release|Win32
		{564EB7BF-81A6-4175-ACF6-B398EBC1346D}.Release|x86.Build.0 = Release|Win32
		{E830E061-C063-449E-A7A8-852696B144BA}.Debug|x64.ActiveCfg = Debug|x64
		{E830E061-C063-449E-A7A8-852696B144BA}.Debug|x64.Build.0 = Debug|x64
		{E830E061-C063-449E-A7A8-852696B144BA}.Debug|x86.ActiveCfg = Debug|Win32
		{E830E061-C063-449E-A7A8-852696B144BA}.Debug|x86.Build.0 = Debug|Win32
		{E830E061-C063-449E-A7A8-852696B144BA}.Release|x64.ActiveCfg = Release|x64
		{E830E061-C063-449E-A7A8-852696B144BA}.Release|x64.Build.0 = Release|x64
		{E830E061-C063-449E-A7A8-852696B144BA}.Release|x86.ActiveCfg = Release|Win32
		{E830E061-C063-449E-A7A8-852696B144BA}.Release|x86.Build.0 = Release|Win32
		{4E295EBC-586A-4041-B988-7DAD43F5051F}.Debug|x64.ActiveCfg = Debug|x64
		{4E295EBC-586A-4041-B988-7DAD43F5051F}.Debug|x64.Build.0 = Debug|x64
		{4E295EBC-586A-4041-B988-7DAD43F5051F}.Debug|x86.ActiveCfg = Debug|Win32
		{4E295EBC-586A-4041-B988-7DAD43F5051F}.Debug|x86.Build.0 = Debug|Win32
		{4E295EBC-586A-4041-B988-7DAD43F5051F}.Release|x64.ActiveCfg = Release|x64
		{4E295EBC-586A-4041-B988-7DAD43F5051F}.Release|x64.Build.0 = Release|x64
		{4E295EBC-586A-4041-B988-7DAD43F5051F}.Release|x86.ActiveCfg = Release|Win32
		{4E295EBC-586A-4041-B988-7DAD43F5051F}.Release|x86.Build.0 = Release|Win32
		{877B010A-9DDB-41B0-8554-FDCF25209209}.Debug|x64.ActiveCfg = Debug|x64
		{877B010A-9DDB-41B0-8554-FDCF25209209}.Debug|x64.Build.0 = Debug|x64
		{877B010A-9DDB-41B0-8554-FDCF25209209}.Debug|x86.ActiveCfg = Debug|Win32
		{877B010A-9DDB-41B0-8554-FDCF25209209}.Debug|x86.Build.0 = Debug|Win32
		{877B010A-9DDB-41B0-8554-FDCF25209209}.Release|x64.ActiveCfg = Release|x64
		{877B010A-9DDB-41B0-8554-FDCF25209209}.Release|x64.Build.0 = Release|x64
		{877B010A-9DDB-41B0-8554-FDCF25209209}.Release|x86.ActiveCfg = Release|Win32
		{877B010A-9DDB-41B0-8554-FDCF25209209}.Release|x86.Build.0 = Release|Win32
		{088242C3-C987-4AFB-906C-4CAADE0C666A}.Debug|x64.ActiveCfg = Debug|x64
		{088242C3-C987-4AFB-906C-4CAADE0C666A}.Debug|x64.Build.0 = Debug|x64
		{088242C3-C987-4AFB-906C-4CAADE0C666A}.Debug|x86.ActiveCfg = Debug|Win32
		{088242C3-C987-4AFB-906C-4CAADE0C666A}.Debug|x86.Build.0 = Debug|Win32
		{088242C3-C987-4AFB-906C-4CAADE0C666A}.Release|x64.ActiveCfg = Release|x64
		{088242C3-C987-4AFB-906C-4CAADE0C666A}.Release|x64.Build.0 = Release|x64
		{088242C3-C987-4AFB-906C-4CAADE0C666A}.Release|x86.ActiveCfg = Release|Win32
		{088242C3-C987-4AFB-906C-4CAADE0C666A}.Release|x86.Build.0 = Release|Win32
		{B5B456A7-5B70-40B0-99F5-65221242D0C8}.Debug|x64.ActiveCfg = Debug|x64
		{B5B456A7-5B70-40B0-99F5-65221242D0C8}.Debug|x64.Build.0 = Debug|x64
		{B5B456A7-5B70-40B0-99F5-65221242D0C8}.Debug|x86.ActiveCfg = Debug|Win32
		{B5B456A7-5B70-40B0-99F5-65221242D0C8}.Debug|x86.Build.0 = Debug|Win32
		{B5B456A7-5B70-40B0-99F5-65221242D0C8}.Release|x64.ActiveCfg = Release|x64
		{B5B456A7-5B70-40B0-99F5-65221242D0C8}.Release|x64.Build.0 = Release|x64
		{B5B456A7-5B70-40B0-99F5-65221242D0C8}.Release|x86.ActiveCfg = Release|Win32
		{B5B456A7-5B70-40B0-99F5-65221242D0C8}.Release|x86.Build.0 = Release|Win32
	EndGlobalSection
	GlobalSection(SolutionProperties) = preSolution
		HideSolutionNode = FALSE
	EndGlobalSection
	GlobalSection(ExtensibilityGlobals) = postSolution
		SolutionGuid = {EADBA690-B4D2-454B-8C65-DC16BE2EB17E}
	EndGlobalSection
EndGlobal
