<?xml version="1.0" encoding="utf-8"?>
<Project ToolsVersion="4.0" xmlns="http://schemas.microsoft.com/developer/msbuild/2003">
  <ItemGroup>
    <Filter Include="Source">
      <UniqueIdentifier>{4FC737F1-C7A5-4376-A066-2A32D752A2FF}</UniqueIdentifier>
      <Extensions>cpp;c;cc;cxx;c++;cppm;ixx;def;odl;idl;hpj;bat;asm;asmx</Extensions>
    </Filter>
    <Filter Include="Include">
      <UniqueIdentifier>{93995380-89BD-4b04-88EB-625FBE52EBFB}</UniqueIdentifier>
      <Extensions>h;hh;hpp;hxx;h++;hm;inl;inc;ipp;xsd</Extensions>
    </Filter>
    <Filter Include="Include\SDL">
      <UniqueIdentifier>{7c2962a4-57f4-43e0-a5b2-f69889d9f9ba}</UniqueIdentifier>
    </Filter>
  </ItemGroup>
  <ItemGroup>
    <ClInclude Include="Include\ChunkyTriMesh.h">
      <Filter>Include</Filter>
    </ClInclude>
    <ClInclude Include="Include\ConvexVolumeTool.h">
      <Filter>Include</Filter>
    </ClInclude>
    <ClInclude Include="Include\CrowdTool.h">
      <Filter>Include</Filter>
    </ClInclude>
    <ClInclude Include="Include\Filelist.h">
      <Filter>Include</Filter>
    </ClInclude>
    <ClInclude Include="Include\imgui.h">
      <Filter>Include</Filter>
    </ClInclude>
    <ClInclude Include="Include\imguiRenderGL.h">
      <Filter>Include</Filter>
    </ClInclude>
    <ClInclude Include="Include\InputGeom.h">
      <Filter>Include</Filter>
    </ClInclude>
    <ClInclude Include="Include\MeshLoaderObj.h">
      <Filter>Include</Filter>
    </ClInclude>
    <ClInclude Include="Include\NavMeshPruneTool.h">
      <Filter>Include</Filter>
    </ClInclude>
    <ClInclude Include="Include\NavMeshTesterTool.h">
      <Filter>Include</Filter>
    </ClInclude>
    <ClInclude Include="Include\OffMeshConnectionTool.h">
      <Filter>Include</Filter>
    </ClInclude>
    <ClInclude Include="Include\PerfTimer.h">
      <Filter>Include</Filter>
    </ClInclude>
    <ClInclude Include="Include\Sample.h">
      <Filter>Include</Filter>
    </ClInclude>
    <ClInclude Include="Include\Sample_Debug.h">
      <Filter>Include</Filter>
    </ClInclude>
    <ClInclude Include="Include\Sample_SoloMesh.h">
      <Filter>Include</Filter>
    </ClInclude>
    <ClInclude Include="Include\Sample_TempObstacles.h">
      <Filter>Include</Filter>
    </ClInclude>
    <ClInclude Include="Include\Sample_TileMesh.h">
      <Filter>Include</Filter>
    </ClInclude>
    <ClInclude Include="Include\SampleInterfaces.h">
      <Filter>Include</Filter>
    </ClInclude>
    <ClInclude Include="Include\TestCase.h">
      <Filter>Include</Filter>
    </ClInclude>
    <ClInclude Include="Include\ValueHistory.h">
      <Filter>Include</Filter>
    </ClInclude>
    <ClInclude Include="Contrib\fastlz\fastlz.h">
      <Filter>Include</Filter>
    </ClInclude>
    <ClInclude Include="Contrib\SDL\include\begin_code.h">
      <Filter>Include\SDL</Filter>
    </ClInclude>
    <ClInclude Include="Contrib\SDL\include\close_code.h">
      <Filter>Include\SDL</Filter>
    </ClInclude>
    <ClInclude Include="Contrib\SDL\include\SDL.h">
      <Filter>Include\SDL</Filter>
    </ClInclude>
    <ClInclude Include="Contrib\SDL\include\SDL_assert.h">
      <Filter>Include\SDL</Filter>
    </ClInclude>
    <ClInclude Include="Contrib\SDL\include\SDL_atomic.h">
      <Filter>Include\SDL</Filter>
    </ClInclude>
    <ClInclude Include="Contrib\SDL\include\SDL_audio.h">
      <Filter>Include\SDL</Filter>
    </ClInclude>
    <ClInclude Include="Contrib\SDL\include\SDL_bits.h">
      <Filter>Include\SDL</Filter>
    </ClInclude>
    <ClInclude Include="Contrib\SDL\include\SDL_blendmode.h">
      <Filter>Include\SDL</Filter>
    </ClInclude>
    <ClInclude Include="Contrib\SDL\include\SDL_clipboard.h">
      <Filter>Include\SDL</Filter>
    </ClInclude>
    <ClInclude Include="Contrib\SDL\include\SDL_config.h">
      <Filter>Include\SDL</Filter>
    </ClInclude>
    <ClInclude Include="Contrib\SDL\include\SDL_config_android.h">
      <Filter>Include\SDL</Filter>
    </ClInclude>
    <ClInclude Include="Contrib\SDL\include\SDL_config_iphoneos.h">
      <Filter>Include\SDL</Filter>
    </ClInclude>
    <ClInclude Include="Contrib\SDL\include\SDL_config_macosx.h">
      <Filter>Include\SDL</Filter>
    </ClInclude>
    <ClInclude Include="Contrib\SDL\include\SDL_config_minimal.h">
      <Filter>Include\SDL</Filter>
    </ClInclude>
    <ClInclude Include="Contrib\SDL\include\SDL_config_pandora.h">
      <Filter>Include\SDL</Filter>
    </ClInclude>
    <ClInclude Include="Contrib\SDL\include\SDL_config_psp.h">
      <Filter>Include\SDL</Filter>
    </ClInclude>
    <ClInclude Include="Contrib\SDL\include\SDL_config_windows.h">
      <Filter>Include\SDL</Filter>
    </ClInclude>
    <ClInclude Include="Contrib\SDL\include\SDL_config_winrt.h">
      <Filter>Include\SDL</Filter>
    </ClInclude>
    <ClInclude Include="Contrib\SDL\include\SDL_config_wiz.h">
      <Filter>Include\SDL</Filter>
    </ClInclude>
    <ClInclude Include="Contrib\SDL\include\SDL_copying.h">
      <Filter>Include\SDL</Filter>
    </ClInclude>
    <ClInclude Include="Contrib\SDL\include\SDL_cpuinfo.h">
      <Filter>Include\SDL</Filter>
    </ClInclude>
    <ClInclude Include="Contrib\SDL\include\SDL_egl.h">
      <Filter>Include\SDL</Filter>
    </ClInclude>
    <ClInclude Include="Contrib\SDL\include\SDL_endian.h">
      <Filter>Include\SDL</Filter>
    </ClInclude>
    <ClInclude Include="Contrib\SDL\include\SDL_error.h">
      <Filter>Include\SDL</Filter>
    </ClInclude>
    <ClInclude Include="Contrib\SDL\include\SDL_events.h">
      <Filter>Include\SDL</Filter>
    </ClInclude>
    <ClInclude Include="Contrib\SDL\include\SDL_filesystem.h">
      <Filter>Include\SDL</Filter>
    </ClInclude>
    <ClInclude Include="Contrib\SDL\include\SDL_gamecontroller.h">
      <Filter>Include\SDL</Filter>
    </ClInclude>
    <ClInclude Include="Contrib\SDL\include\SDL_gesture.h">
      <Filter>Include\SDL</Filter>
    </ClInclude>
    <ClInclude Include="Contrib\SDL\include\SDL_guid.h">
      <Filter>Include\SDL</Filter>
    </ClInclude>
    <ClInclude Include="Contrib\SDL\include\SDL_haptic.h">
      <Filter>Include\SDL</Filter>
    </ClInclude>
    <ClInclude Include="Contrib\SDL\include\SDL_hidapi.h">
      <Filter>Include\SDL</Filter>
    </ClInclude>
    <ClInclude Include="Contrib\SDL\include\SDL_hints.h">
      <Filter>Include\SDL</Filter>
    </ClInclude>
    <ClInclude Include="Contrib\SDL\include\SDL_joystick.h">
      <Filter>Include\SDL</Filter>
    </ClInclude>
    <ClInclude Include="Contrib\SDL\include\SDL_keyboard.h">
      <Filter>Include\SDL</Filter>
    </ClInclude>
    <ClInclude Include="Contrib\SDL\include\SDL_keycode.h">
      <Filter>Include\SDL</Filter>
    </ClInclude>
    <ClInclude Include="Contrib\SDL\include\SDL_loadso.h">
      <Filter>Include\SDL</Filter>
    </ClInclude>
    <ClInclude Include="Contrib\SDL\include\SDL_locale.h">
      <Filter>Include\SDL</Filter>
    </ClInclude>
    <ClInclude Include="Contrib\SDL\include\SDL_log.h">
      <Filter>Include\SDL</Filter>
    </ClInclude>
    <ClInclude Include="Contrib\SDL\include\SDL_main.h">
      <Filter>Include\SDL</Filter>
    </ClInclude>
    <ClInclude Include="Contrib\SDL\include\SDL_messagebox.h">
      <Filter>Include\SDL</Filter>
    </ClInclude>
    <ClInclude Include="Contrib\SDL\include\SDL_metal.h">
      <Filter>Include\SDL</Filter>
    </ClInclude>
    <ClInclude Include="Contrib\SDL\include\SDL_misc.h">
      <Filter>Include\SDL</Filter>
    </ClInclude>
    <ClInclude Include="Contrib\SDL\include\SDL_mouse.h">
      <Filter>Include\SDL</Filter>
    </ClInclude>
    <ClInclude Include="Contrib\SDL\include\SDL_mutex.h">
      <Filter>Include\SDL</Filter>
    </ClInclude>
    <ClInclude Include="Contrib\SDL\include\SDL_name.h">
      <Filter>Include\SDL</Filter>
    </ClInclude>
    <ClInclude Include="Contrib\SDL\include\SDL_opengl.h">
      <Filter>Include\SDL</Filter>
    </ClInclude>
    <ClInclude Include="Contrib\SDL\include\SDL_opengl_glext.h">
      <Filter>Include\SDL</Filter>
    </ClInclude>
    <ClInclude Include="Contrib\SDL\include\SDL_opengles.h">
      <Filter>Include\SDL</Filter>
    </ClInclude>
    <ClInclude Include="Contrib\SDL\include\SDL_opengles2.h">
      <Filter>Include\SDL</Filter>
    </ClInclude>
    <ClInclude Include="Contrib\SDL\include\SDL_opengles2_gl2.h">
      <Filter>Include\SDL</Filter>
    </ClInclude>
    <ClInclude Include="Contrib\SDL\include\SDL_opengles2_gl2ext.h">
      <Filter>Include\SDL</Filter>
    </ClInclude>
    <ClInclude Include="Contrib\SDL\include\SDL_opengles2_gl2platform.h">
      <Filter>Include\SDL</Filter>
    </ClInclude>
    <ClInclude Include="Contrib\SDL\include\SDL_opengles2_khrplatform.h">
      <Filter>Include\SDL</Filter>
    </ClInclude>
    <ClInclude Include="Contrib\SDL\include\SDL_pixels.h">
      <Filter>Include\SDL</Filter>
    </ClInclude>
    <ClInclude Include="Contrib\SDL\include\SDL_platform.h">
      <Filter>Include\SDL</Filter>
    </ClInclude>
    <ClInclude Include="Contrib\SDL\include\SDL_power.h">
      <Filter>Include\SDL</Filter>
    </ClInclude>
    <ClInclude Include="Contrib\SDL\include\SDL_quit.h">
      <Filter>Include\SDL</Filter>
    </ClInclude>
    <ClInclude Include="Contrib\SDL\include\SDL_rect.h">
      <Filter>Include\SDL</Filter>
    </ClInclude>
    <ClInclude Include="Contrib\SDL\include\SDL_render.h">
      <Filter>Include\SDL</Filter>
    </ClInclude>
    <ClInclude Include="Contrib\SDL\include\SDL_revision.h">
      <Filter>Include\SDL</Filter>
    </ClInclude>
    <ClInclude Include="Contrib\SDL\include\SDL_rwops.h">
      <Filter>Include\SDL</Filter>
    </ClInclude>
    <ClInclude Include="Contrib\SDL\include\SDL_scancode.h">
      <Filter>Include\SDL</Filter>
    </ClInclude>
    <ClInclude Include="Contrib\SDL\include\SDL_sensor.h">
      <Filter>Include\SDL</Filter>
    </ClInclude>
    <ClInclude Include="Contrib\SDL\include\SDL_shape.h">
      <Filter>Include\SDL</Filter>
    </ClInclude>
    <ClInclude Include="Contrib\SDL\include\SDL_stdinc.h">
      <Filter>Include\SDL</Filter>
    </ClInclude>
    <ClInclude Include="Contrib\SDL\include\SDL_surface.h">
      <Filter>Include\SDL</Filter>
    </ClInclude>
    <ClInclude Include="Contrib\SDL\include\SDL_system.h">
      <Filter>Include\SDL</Filter>
    </ClInclude>
    <ClInclude Include="Contrib\SDL\include\SDL_syswm.h">
      <Filter>Include\SDL</Filter>
    </ClInclude>
    <ClInclude Include="Contrib\SDL\include\SDL_test.h">
      <Filter>Include\SDL</Filter>
    </ClInclude>
    <ClInclude Include="Contrib\SDL\include\SDL_test_assert.h">
      <Filter>Include\SDL</Filter>
    </ClInclude>
    <ClInclude Include="Contrib\SDL\include\SDL_test_common.h">
      <Filter>Include\SDL</Filter>
    </ClInclude>
    <ClInclude Include="Contrib\SDL\include\SDL_test_compare.h">
      <Filter>Include\SDL</Filter>
    </ClInclude>
    <ClInclude Include="Contrib\SDL\include\SDL_test_crc32.h">
      <Filter>Include\SDL</Filter>
    </ClInclude>
    <ClInclude Include="Contrib\SDL\include\SDL_test_font.h">
      <Filter>Include\SDL</Filter>
    </ClInclude>
    <ClInclude Include="Contrib\SDL\include\SDL_test_fuzzer.h">
      <Filter>Include\SDL</Filter>
    </ClInclude>
    <ClInclude Include="Contrib\SDL\include\SDL_test_harness.h">
      <Filter>Include\SDL</Filter>
    </ClInclude>
    <ClInclude Include="Contrib\SDL\include\SDL_test_images.h">
      <Filter>Include\SDL</Filter>
    </ClInclude>
    <ClInclude Include="Contrib\SDL\include\SDL_test_log.h">
      <Filter>Include\SDL</Filter>
    </ClInclude>
    <ClInclude Include="Contrib\SDL\include\SDL_test_md5.h">
      <Filter>Include\SDL</Filter>
    </ClInclude>
    <ClInclude Include="Contrib\SDL\include\SDL_test_memory.h">
      <Filter>Include\SDL</Filter>
    </ClInclude>
    <ClInclude Include="Contrib\SDL\include\SDL_test_random.h">
      <Filter>Include\SDL</Filter>
    </ClInclude>
    <ClInclude Include="Contrib\SDL\include\SDL_thread.h">
      <Filter>Include\SDL</Filter>
    </ClInclude>
    <ClInclude Include="Contrib\SDL\include\SDL_timer.h">
      <Filter>Include\SDL</Filter>
    </ClInclude>
    <ClInclude Include="Contrib\SDL\include\SDL_touch.h">
      <Filter>Include\SDL</Filter>
    </ClInclude>
    <ClInclude Include="Contrib\SDL\include\SDL_types.h">
      <Filter>Include\SDL</Filter>
    </ClInclude>
    <ClInclude Include="Contrib\SDL\include\SDL_version.h">
      <Filter>Include\SDL</Filter>
    </ClInclude>
    <ClInclude Include="Contrib\SDL\include\SDL_video.h">
      <Filter>Include\SDL</Filter>
    </ClInclude>
    <ClInclude Include="Contrib\SDL\include\SDL_vulkan.h">
      <Filter>Include\SDL</Filter>
    </ClInclude>
    <ClInclude Include="Contrib\stb_truetype.h">
      <Filter>Include</Filter>
    </ClInclude>
  </ItemGroup>
  <ItemGroup>
    <ClCompile Include="Source\ChunkyTriMesh.cpp">
      <Filter>Source</Filter>
    </ClCompile>
    <ClCompile Include="Source\ConvexVolumeTool.cpp">
      <Filter>Source</Filter>
    </ClCompile>
    <ClCompile Include="Source\CrowdTool.cpp">
      <Filter>Source</Filter>
    </ClCompile>
    <ClCompile Include="Source\Filelist.cpp">
      <Filter>Source</Filter>
    </ClCompile>
    <ClCompile Include="Source\imgui.cpp">
      <Filter>Source</Filter>
    </ClCompile>
    <ClCompile Include="Source\imguiRenderGL.cpp">
      <Filter>Source</Filter>
    </ClCompile>
    <ClCompile Include="Source\InputGeom.cpp">
      <Filter>Source</Filter>
    </ClCompile>
    <ClCompile Include="Source\main.cpp">
      <Filter>Source</Filter>
    </ClCompile>
    <ClCompile Include="Source\MeshLoaderObj.cpp">
      <Filter>Source</Filter>
    </ClCompile>
    <ClCompile Include="Source\NavMeshPruneTool.cpp">
      <Filter>Source</Filter>
    </ClCompile>
    <ClCompile Include="Source\NavMeshTesterTool.cpp">
      <Filter>Source</Filter>
    </ClCompile>
    <ClCompile Include="Source\OffMeshConnectionTool.cpp">
      <Filter>Source</Filter>
    </ClCompile>
    <ClCompile Include="Source\PerfTimer.cpp">
      <Filter>Source</Filter>
    </ClCompile>
    <ClCompile Include="Source\Sample.cpp">
      <Filter>Source</Filter>
    </ClCompile>
    <ClCompile Include="Source\Sample_Debug.cpp">
      <Filter>Source</Filter>
    </ClCompile>
    <ClCompile Include="Source\Sample_SoloMesh.cpp">
      <Filter>Source</Filter>
    </ClCompile>
    <ClCompile Include="Source\Sample_TempObstacles.cpp">
      <Filter>Source</Filter>
    </ClCompile>
    <ClCompile Include="Source\Sample_TileMesh.cpp">
      <Filter>Source</Filter>
    </ClCompile>
    <ClCompile Include="Source\SampleInterfaces.cpp">
      <Filter>Source</Filter>
    </ClCompile>
    <ClCompile Include="Source\TestCase.cpp">
      <Filter>Source</Filter>
    </ClCompile>
    <ClCompile Include="Source\ValueHistory.cpp">
      <Filter>Source</Filter>
    </ClCompile>
    <ClCompile Include="Contrib\fastlz\fastlz.c">
      <Filter>Source</Filter>
    </ClCompile>
  </ItemGroup>
  <ItemGroup>
    <None Include="Contrib\SDL\include\SDL_config_macosx.h.orig">
      <Filter>Include\SDL</Filter>
    </None>
  </ItemGroup>
</Project>